
Microsoft Visual Studio Solution File, Format Version 12.00
# Visual Studio 15
VisualStudioVersion = 15.0.27703.2018
MinimumVisualStudioVersion = 10.0.40219.1
Project("{FAE04EC0-301F-11D3-BF4B-00C04F79EFBC}") = "Restaurante", "Restaurante\Restaurante.csproj", "{1A8A4838-EE6C-400F-B4E1-D0A5E4B3C800}"
EndProject
Global
	GlobalSection(SolutionConfigurationPlatforms) = preSolution
		Debug|Any CPU = Debug|Any CPU
		Release|Any CPU = Release|Any CPU
	EndGlobalSection
	GlobalSection(ProjectConfigurationPlatforms) = postSolution
		{1A8A4838-EE6C-400F-B4E1-D0A5E4B3C800}.Debug|Any CPU.ActiveCfg = Debug|Any CPU
		{1A8A4838-EE6C-400F-B4E1-D0A5E4B3C800}.Debug|Any CPU.Build.0 = Debug|Any CPU
		{1A8A4838-EE6C-400F-B4E1-D0A5E4B3C800}.Release|Any CPU.ActiveCfg = Release|Any CPU
		{1A8A4838-EE6C-400F-B4E1-D0A5E4B3C800}.Release|Any CPU.Build.0 = Release|Any CPU
	EndGlobalSection
	GlobalSection(SolutionProperties) = preSolution
		HideSolutionNode = FALSE
	EndGlobalSection
	GlobalSection(ExtensibilityGlobals) = postSolution
		SolutionGuid = {7F500A7F-05AE-4474-90F0-ADC4119B2606}
	EndGlobalSection
EndGlobal
